version = 1
revision = 3
requires-python = ">=3.12"

[[package]]
name = "colorama"
version = "0.4.6"
source = { registry = "https://pypi.org/simple" }
sdist = { url = "https://files.pythonhosted.org/packages/d8/53/6f443c9a4a8358a93a6792e2acffb9d9d5cb0a5cfd8802644b7b1c9a02e4/colorama-0.4.6.tar.gz", hash = "sha256:08695f5cb7ed6e0531a20572697297273c47b8cae5a63ffc6d6ed5c201be6e44", size = 27697, upload-time = "2022-10-25T02:36:22.414Z" }
wheels = [
    { url = "https://files.pythonhosted.org/packages/d1/d6/3965ed04c63042e047cb6a3e6ed1a63a35087b6a609aa3a15ed8ac56c221/colorama-0.4.6-py2.py3-none-any.whl", hash = "sha256:4f1d9991f5acc0ca119f9d443620b77f9d6b33703e51011c16baf57afb285fc6", size = 25335, upload-time = "2022-10-25T02:36:20.889Z" },
]

[[package]]
name = "colorzero"
version = "2.0"
source = { registry = "https://pypi.org/simple" }
dependencies = [
    { name = "setuptools" },
]
sdist = { url = "https://files.pythonhosted.org/packages/b3/ca/688824a06e8c4d04c7d2fd2af2d8da27bed51af20ee5f094154e1d680334/colorzero-2.0.tar.gz", hash = "sha256:e7d5a5c26cd0dc37b164ebefc609f388de24f8593b659191e12d85f8f9d5eb58", size = 25382, upload-time = "2021-03-15T23:42:23.261Z" }
wheels = [
    { url = "https://files.pythonhosted.org/packages/7e/a6/ddd0f130e44a7593ac6c55aa93f6e256d2270fd88e9d1b64ab7f22ab8fde/colorzero-2.0-py2.py3-none-any.whl", hash = "sha256:0e60d743a6b8071498a56465f7719c96a5e92928f858bab1be2a0d606c9aa0f8", size = 26573, upload-time = "2021-03-15T23:42:21.757Z" },
]

[[package]]
name = "coverage"
version = "7.10.2"
source = { registry = "https://pypi.org/simple" }
sdist = { url = "https://files.pythonhosted.org/packages/ee/76/17780846fc7aade1e66712e1e27dd28faa0a5d987a1f433610974959eaa8/coverage-7.10.2.tar.gz", hash = "sha256:5d6e6d84e6dd31a8ded64759626627247d676a23c1b892e1326f7c55c8d61055", size = 820754, upload-time = "2025-08-04T00:35:17.511Z" }
wheels = [
    { url = "https://files.pythonhosted.org/packages/4e/1e/2c752bdbbf6f1199c59b1a10557fbb6fb3dc96b3c0077b30bd41a5922c1f/coverage-7.10.2-cp312-cp312-macosx_10_13_x86_64.whl", hash = "sha256:890ad3a26da9ec7bf69255b9371800e2a8da9bc223ae5d86daeb940b42247c83", size = 215311, upload-time = "2025-08-04T00:33:35.524Z" },
    { url = "https://files.pythonhosted.org/packages/68/6a/84277d73a2cafb96e24be81b7169372ba7ff28768ebbf98e55c85a491b0f/coverage-7.10.2-cp312-cp312-macosx_11_0_arm64.whl", hash = "sha256:38fd1ccfca7838c031d7a7874d4353e2f1b98eb5d2a80a2fe5732d542ae25e9c", size = 215550, upload-time = "2025-08-04T00:33:37.109Z" },
    { url = "https://files.pythonhosted.org/packages/b5/e7/5358b73b46ac76f56cc2de921eeabd44fabd0b7ff82ea4f6b8c159c4d5dc/coverage-7.10.2-cp312-cp312-manylinux1_i686.manylinux_2_28_i686.manylinux_2_5_i686.whl", hash = "sha256:76c1ffaaf4f6f0f6e8e9ca06f24bb6454a7a5d4ced97a1bc466f0d6baf4bd518", size = 246564, upload-time = "2025-08-04T00:33:38.33Z" },
    { url = "https://files.pythonhosted.org/packages/7c/0e/b0c901dd411cb7fc0cfcb28ef0dc6f3049030f616bfe9fc4143aecd95901/coverage-7.10.2-cp312-cp312-manylinux1_x86_64.manylinux_2_28_x86_64.manylinux_2_5_x86_64.whl", hash = "sha256:86da8a3a84b79ead5c7d0e960c34f580bc3b231bb546627773a3f53c532c2f21", size = 248993, upload-time = "2025-08-04T00:33:39.555Z" },
    { url = "https://files.pythonhosted.org/packages/0e/4e/a876db272072a9e0df93f311e187ccdd5f39a190c6d1c1f0b6e255a0d08e/coverage-7.10.2-cp312-cp312-manylinux2014_aarch64.manylinux_2_17_aarch64.manylinux_2_28_aarch64.whl", hash = "sha256:99cef9731c8a39801830a604cc53c93c9e57ea8b44953d26589499eded9576e0", size = 250454, upload-time = "2025-08-04T00:33:41.023Z" },
    { url = "https://files.pythonhosted.org/packages/64/d6/1222dc69f8dd1be208d55708a9f4a450ad582bf4fa05320617fea1eaa6d8/coverage-7.10.2-cp312-cp312-musllinux_1_2_aarch64.whl", hash = "sha256:ea58b112f2966a8b91eb13f5d3b1f8bb43c180d624cd3283fb33b1cedcc2dd75", size = 248365, upload-time = "2025-08-04T00:33:42.376Z" },
    { url = "https://files.pythonhosted.org/packages/62/e3/40fd71151064fc315c922dd9a35e15b30616f00146db1d6a0b590553a75a/coverage-7.10.2-cp312-cp312-musllinux_1_2_i686.whl", hash = "sha256:20f405188d28da9522b7232e51154e1b884fc18d0b3a10f382d54784715bbe01", size = 246562, upload-time = "2025-08-04T00:33:43.663Z" },
    { url = "https://files.pythonhosted.org/packages/fc/14/8aa93ddcd6623ddaef5d8966268ac9545b145bce4fe7b1738fd1c3f0d957/coverage-7.10.2-cp312-cp312-musllinux_1_2_x86_64.whl", hash = "sha256:64586ce42bbe0da4d9f76f97235c545d1abb9b25985a8791857690f96e23dc3b", size = 247772, upload-time = "2025-08-04T00:33:45.068Z" },
    { url = "https://files.pythonhosted.org/packages/07/4e/dcb1c01490623c61e2f2ea85cb185fa6a524265bb70eeb897d3c193efeb9/coverage-7.10.2-cp312-cp312-win32.whl", hash = "sha256:bc2e69b795d97ee6d126e7e22e78a509438b46be6ff44f4dccbb5230f550d340", size = 217710, upload-time = "2025-08-04T00:33:46.378Z" },
    { url = "https://files.pythonhosted.org/packages/79/16/e8aab4162b5f80ad2e5e1f54b1826e2053aa2f4db508b864af647f00c239/coverage-7.10.2-cp312-cp312-win_amd64.whl", hash = "sha256:adda2268b8cf0d11f160fad3743b4dfe9813cd6ecf02c1d6397eceaa5b45b388", size = 218499, upload-time = "2025-08-04T00:33:48.048Z" },
    { url = "https://files.pythonhosted.org/packages/06/7f/c112ec766e8f1131ce8ce26254be028772757b2d1e63e4f6a4b0ad9a526c/coverage-7.10.2-cp312-cp312-win_arm64.whl", hash = "sha256:164429decd0d6b39a0582eaa30c67bf482612c0330572343042d0ed9e7f15c20", size = 217154, upload-time = "2025-08-04T00:33:49.299Z" },
    { url = "https://files.pythonhosted.org/packages/8d/04/9b7a741557f93c0ed791b854d27aa8d9fe0b0ce7bb7c52ca1b0f2619cb74/coverage-7.10.2-cp313-cp313-macosx_10_13_x86_64.whl", hash = "sha256:aca7b5645afa688de6d4f8e89d30c577f62956fefb1bad021490d63173874186", size = 215337, upload-time = "2025-08-04T00:33:50.61Z" },
    { url = "https://files.pythonhosted.org/packages/02/a4/8d1088cd644750c94bc305d3cf56082b4cdf7fb854a25abb23359e74892f/coverage-7.10.2-cp313-cp313-macosx_11_0_arm64.whl", hash = "sha256:96e5921342574a14303dfdb73de0019e1ac041c863743c8fe1aa6c2b4a257226", size = 215596, upload-time = "2025-08-04T00:33:52.33Z" },
    { url = "https://files.pythonhosted.org/packages/01/2f/643a8d73343f70e162d8177a3972b76e306b96239026bc0c12cfde4f7c7a/coverage-7.10.2-cp313-cp313-manylinux1_i686.manylinux_2_28_i686.manylinux_2_5_i686.whl", hash = "sha256:11333094c1bff621aa811b67ed794865cbcaa99984dedea4bd9cf780ad64ecba", size = 246145, upload-time = "2025-08-04T00:33:53.641Z" },
    { url = "https://files.pythonhosted.org/packages/1f/4a/722098d1848db4072cda71b69ede1e55730d9063bf868375264d0d302bc9/coverage-7.10.2-cp313-cp313-manylinux1_x86_64.manylinux_2_28_x86_64.manylinux_2_5_x86_64.whl", hash = "sha256:6eb586fa7d2aee8d65d5ae1dd71414020b2f447435c57ee8de8abea0a77d5074", size = 248492, upload-time = "2025-08-04T00:33:55.366Z" },
    { url = "https://files.pythonhosted.org/packages/3f/b0/8a6d7f326f6e3e6ed398cde27f9055e860a1e858317001835c521673fb60/coverage-7.10.2-cp313-cp313-manylinux2014_aarch64.manylinux_2_17_aarch64.manylinux_2_28_aarch64.whl", hash = "sha256:2d358f259d8019d4ef25d8c5b78aca4c7af25e28bd4231312911c22a0e824a57", size = 249927, upload-time = "2025-08-04T00:33:57.042Z" },
    { url = "https://files.pythonhosted.org/packages/bb/21/1aaadd3197b54d1e61794475379ecd0f68d8fc5c2ebd352964dc6f698a3d/coverage-7.10.2-cp313-cp313-musllinux_1_2_aarch64.whl", hash = "sha256:5250bda76e30382e0a2dcd68d961afcab92c3a7613606e6269855c6979a1b0bb", size = 248138, upload-time = "2025-08-04T00:33:58.329Z" },
    { url = "https://files.pythonhosted.org/packages/48/65/be75bafb2bdd22fd8bf9bf63cd5873b91bb26ec0d68f02d4b8b09c02decb/coverage-7.10.2-cp313-cp313-musllinux_1_2_i686.whl", hash = "sha256:a91e027d66eff214d88d9afbe528e21c9ef1ecdf4956c46e366c50f3094696d0", size = 246111, upload-time = "2025-08-04T00:33:59.899Z" },
    { url = "https://files.pythonhosted.org/packages/5e/30/a4f0c5e249c3cc60e6c6f30d8368e372f2d380eda40e0434c192ac27ccf5/coverage-7.10.2-cp313-cp313-musllinux_1_2_x86_64.whl", hash = "sha256:228946da741558904e2c03ce870ba5efd9cd6e48cbc004d9a27abee08100a15a", size = 247493, upload-time = "2025-08-04T00:34:01.619Z" },
    { url = "https://files.pythonhosted.org/packages/85/99/f09b9493e44a75cf99ca834394c12f8cb70da6c1711ee296534f97b52729/coverage-7.10.2-cp313-cp313-win32.whl", hash = "sha256:95e23987b52d02e7c413bf2d6dc6288bd5721beb518052109a13bfdc62c8033b", size = 217756, upload-time = "2025-08-04T00:34:03.277Z" },
    { url = "https://files.pythonhosted.org/packages/2d/bb/cbcb09103be330c7d26ff0ab05c4a8861dd2e254656fdbd3eb7600af4336/coverage-7.10.2-cp313-cp313-win_amd64.whl", hash = "sha256:f35481d42c6d146d48ec92d4e239c23f97b53a3f1fbd2302e7c64336f28641fe", size = 218526, upload-time = "2025-08-04T00:34:04.635Z" },
    { url = "https://files.pythonhosted.org/packages/37/8f/8bfb4e0bca52c00ab680767c0dd8cfd928a2a72d69897d9b2d5d8b5f63f5/coverage-7.10.2-cp313-cp313-win_arm64.whl", hash = "sha256:65b451949cb789c346f9f9002441fc934d8ccedcc9ec09daabc2139ad13853f7", size = 217176, upload-time = "2025-08-04T00:34:05.973Z" },
    { url = "https://files.pythonhosted.org/packages/1e/25/d458ba0bf16a8204a88d74dbb7ec5520f29937ffcbbc12371f931c11efd2/coverage-7.10.2-cp313-cp313t-macosx_10_13_x86_64.whl", hash = "sha256:e8415918856a3e7d57a4e0ad94651b761317de459eb74d34cc1bb51aad80f07e", size = 216058, upload-time = "2025-08-04T00:34:07.368Z" },
    { url = "https://files.pythonhosted.org/packages/0b/1c/af4dfd2d7244dc7610fed6d59d57a23ea165681cd764445dc58d71ed01a6/coverage-7.10.2-cp313-cp313t-macosx_11_0_arm64.whl", hash = "sha256:f287a25a8ca53901c613498e4a40885b19361a2fe8fbfdbb7f8ef2cad2a23f03", size = 216273, upload-time = "2025-08-04T00:34:09.073Z" },
    { url = "https://files.pythonhosted.org/packages/8e/67/ec5095d4035c6e16368226fa9cb15f77f891194c7e3725aeefd08e7a3e5a/coverage-7.10.2-cp313-cp313t-manylinux1_i686.manylinux_2_28_i686.manylinux_2_5_i686.whl", hash = "sha256:75cc1a3f8c88c69bf16a871dab1fe5a7303fdb1e9f285f204b60f1ee539b8fc0", size = 257513, upload-time = "2025-08-04T00:34:10.403Z" },
    { url = "https://files.pythonhosted.org/packages/1c/47/be5550b57a3a8ba797de4236b0fd31031f88397b2afc84ab3c2d4cf265f6/coverage-7.10.2-cp313-cp313t-manylinux1_x86_64.manylinux_2_28_x86_64.manylinux_2_5_x86_64.whl", hash = "sha256:ca07fa78cc9d26bc8c4740de1abd3489cf9c47cc06d9a8ab3d552ff5101af4c0", size = 259377, upload-time = "2025-08-04T00:34:12.138Z" },
    { url = "https://files.pythonhosted.org/packages/37/50/b12a4da1382e672305c2d17cd3029dc16b8a0470de2191dbf26b91431378/coverage-7.10.2-cp313-cp313t-manylinux2014_aarch64.manylinux_2_17_aarch64.manylinux_2_28_aarch64.whl", hash = "sha256:c2e117e64c26300032755d4520cd769f2623cde1a1d1c3515b05a3b8add0ade1", size = 261516, upload-time = "2025-08-04T00:34:13.608Z" },
    { url = "https://files.pythonhosted.org/packages/db/41/4d3296dbd33dd8da178171540ca3391af7c0184c0870fd4d4574ac290290/coverage-7.10.2-cp313-cp313t-musllinux_1_2_aarch64.whl", hash = "sha256:daaf98009977f577b71f8800208f4d40d4dcf5c2db53d4d822787cdc198d76e1", size = 259110, upload-time = "2025-08-04T00:34:15.089Z" },
    { url = "https://files.pythonhosted.org/packages/ea/f1/b409959ecbc0cec0e61e65683b22bacaa4a3b11512f834e16dd8ffbc37db/coverage-7.10.2-cp313-cp313t-musllinux_1_2_i686.whl", hash = "sha256:ea8d8fe546c528535c761ba424410bbeb36ba8a0f24be653e94b70c93fd8a8ca", size = 257248, upload-time = "2025-08-04T00:34:16.501Z" },
    { url = "https://files.pythonhosted.org/packages/48/ab/7076dc1c240412e9267d36ec93e9e299d7659f6a5c1e958f87e998b0fb6d/coverage-7.10.2-cp313-cp313t-musllinux_1_2_x86_64.whl", hash = "sha256:fe024d40ac31eb8d5aae70215b41dafa264676caa4404ae155f77d2fa95c37bb", size = 258063, upload-time = "2025-08-04T00:34:18.338Z" },
    { url = "https://files.pythonhosted.org/packages/1e/77/f6b51a0288f8f5f7dcc7c89abdd22cf514f3bc5151284f5cd628917f8e10/coverage-7.10.2-cp313-cp313t-win32.whl", hash = "sha256:8f34b09f68bdadec122ffad312154eda965ade433559cc1eadd96cca3de5c824", size = 218433, upload-time = "2025-08-04T00:34:19.71Z" },
    { url = "https://files.pythonhosted.org/packages/7b/6d/547a86493e25270ce8481543e77f3a0aa3aa872c1374246b7b76273d66eb/coverage-7.10.2-cp313-cp313t-win_amd64.whl", hash = "sha256:71d40b3ac0f26fa9ffa6ee16219a714fed5c6ec197cdcd2018904ab5e75bcfa3", size = 219523, upload-time = "2025-08-04T00:34:21.171Z" },
    { url = "https://files.pythonhosted.org/packages/ff/d5/3c711e38eaf9ab587edc9bed232c0298aed84e751a9f54aaa556ceaf7da6/coverage-7.10.2-cp313-cp313t-win_arm64.whl", hash = "sha256:abb57fdd38bf6f7dcc66b38dafb7af7c5fdc31ac6029ce373a6f7f5331d6f60f", size = 217739, upload-time = "2025-08-04T00:34:22.514Z" },
    { url = "https://files.pythonhosted.org/packages/71/53/83bafa669bb9d06d4c8c6a055d8d05677216f9480c4698fb183ba7ec5e47/coverage-7.10.2-cp314-cp314-macosx_10_13_x86_64.whl", hash = "sha256:a3e853cc04987c85ec410905667eed4bf08b1d84d80dfab2684bb250ac8da4f6", size = 215328, upload-time = "2025-08-04T00:34:23.991Z" },
    { url = "https://files.pythonhosted.org/packages/1d/6c/30827a9c5a48a813e865fbaf91e2db25cce990bd223a022650ef2293fe11/coverage-7.10.2-cp314-cp314-macosx_11_0_arm64.whl", hash = "sha256:0100b19f230df72c90fdb36db59d3f39232391e8d89616a7de30f677da4f532b", size = 215608, upload-time = "2025-08-04T00:34:25.437Z" },
    { url = "https://files.pythonhosted.org/packages/bb/a0/c92d85948056ddc397b72a3d79d36d9579c53cb25393ed3c40db7d33b193/coverage-7.10.2-cp314-cp314-manylinux1_i686.manylinux_2_28_i686.manylinux_2_5_i686.whl", hash = "sha256:9c1cd71483ea78331bdfadb8dcec4f4edfb73c7002c1206d8e0af6797853f5be", size = 246111, upload-time = "2025-08-04T00:34:26.857Z" },
    { url = "https://files.pythonhosted.org/packages/c2/cf/d695cf86b2559aadd072c91720a7844be4fb82cb4a3b642a2c6ce075692d/coverage-7.10.2-cp314-cp314-manylinux1_x86_64.manylinux_2_28_x86_64.manylinux_2_5_x86_64.whl", hash = "sha256:9f75dbf4899e29a37d74f48342f29279391668ef625fdac6d2f67363518056a1", size = 248419, upload-time = "2025-08-04T00:34:28.726Z" },
    { url = "https://files.pythonhosted.org/packages/ce/0a/03206aec4a05986e039418c038470d874045f6e00426b0c3879adc1f9251/coverage-7.10.2-cp314-cp314-manylinux2014_aarch64.manylinux_2_17_aarch64.manylinux_2_28_aarch64.whl", hash = "sha256:a7df481e7508de1c38b9b8043da48d94931aefa3e32b47dd20277e4978ed5b95", size = 250038, upload-time = "2025-08-04T00:34:30.061Z" },
    { url = "https://files.pythonhosted.org/packages/ab/9b/b3bd6bd52118c12bc4cf319f5baba65009c9beea84e665b6b9f03fa3f180/coverage-7.10.2-cp314-cp314-musllinux_1_2_aarch64.whl", hash = "sha256:835f39e618099325e7612b3406f57af30ab0a0af350490eff6421e2e5f608e46", size = 248066, upload-time = "2025-08-04T00:34:31.53Z" },
    { url = "https://files.pythonhosted.org/packages/80/cc/bfa92e261d3e055c851a073e87ba6a3bff12a1f7134233e48a8f7d855875/coverage-7.10.2-cp314-cp314-musllinux_1_2_i686.whl", hash = "sha256:12e52b5aa00aa720097d6947d2eb9e404e7c1101ad775f9661ba165ed0a28303", size = 245909, upload-time = "2025-08-04T00:34:32.943Z" },
    { url = "https://files.pythonhosted.org/packages/12/80/c8df15db4847710c72084164f615ae900af1ec380dce7f74a5678ccdf5e1/coverage-7.10.2-cp314-cp314-musllinux_1_2_x86_64.whl", hash = "sha256:718044729bf1fe3e9eb9f31b52e44ddae07e434ec050c8c628bf5adc56fe4bdd", size = 247329, upload-time = "2025-08-04T00:34:34.388Z" },
    { url = "https://files.pythonhosted.org/packages/04/6f/cb66e1f7124d5dd9ced69f889f02931419cb448125e44a89a13f4e036124/coverage-7.10.2-cp314-cp314-win32.whl", hash = "sha256:f256173b48cc68486299d510a3e729a96e62c889703807482dbf56946befb5c8", size = 218007, upload-time = "2025-08-04T00:34:35.846Z" },
    { url = "https://files.pythonhosted.org/packages/8c/e1/3d4be307278ce32c1b9d95cc02ee60d54ddab784036101d053ec9e4fe7f5/coverage-7.10.2-cp314-cp314-win_amd64.whl", hash = "sha256:2e980e4179f33d9b65ac4acb86c9c0dde904098853f27f289766657ed16e07b3", size = 218802, upload-time = "2025-08-04T00:34:37.35Z" },
    { url = "https://files.pythonhosted.org/packages/ec/66/1e43bbeb66c55a5a5efec70f1c153cf90cfc7f1662ab4ebe2d844de9122c/coverage-7.10.2-cp314-cp314-win_arm64.whl", hash = "sha256:14fb5b6641ab5b3c4161572579f0f2ea8834f9d3af2f7dd8fbaecd58ef9175cc", size = 217397, upload-time = "2025-08-04T00:34:39.15Z" },
    { url = "https://files.pythonhosted.org/packages/81/01/ae29c129217f6110dc694a217475b8aecbb1b075d8073401f868c825fa99/coverage-7.10.2-cp314-cp314t-macosx_10_13_x86_64.whl", hash = "sha256:e96649ac34a3d0e6491e82a2af71098e43be2874b619547c3282fc11d3840a4b", size = 216068, upload-time = "2025-08-04T00:34:40.648Z" },
    { url = "https://files.pythonhosted.org/packages/a2/50/6e9221d4139f357258f36dfa1d8cac4ec56d9d5acf5fdcc909bb016954d7/coverage-7.10.2-cp314-cp314t-macosx_11_0_arm64.whl", hash = "sha256:1a2e934e9da26341d342d30bfe91422bbfdb3f1f069ec87f19b2909d10d8dcc4", size = 216285, upload-time = "2025-08-04T00:34:42.441Z" },
    { url = "https://files.pythonhosted.org/packages/eb/ec/89d1d0c0ece0d296b4588e0ef4df185200456d42a47f1141335f482c2fc5/coverage-7.10.2-cp314-cp314t-manylinux1_i686.manylinux_2_28_i686.manylinux_2_5_i686.whl", hash = "sha256:651015dcd5fd9b5a51ca79ece60d353cacc5beaf304db750407b29c89f72fe2b", size = 257603, upload-time = "2025-08-04T00:34:43.899Z" },
    { url = "https://files.pythonhosted.org/packages/82/06/c830af66734671c778fc49d35b58339e8f0687fbd2ae285c3f96c94da092/coverage-7.10.2-cp314-cp314t-manylinux1_x86_64.manylinux_2_28_x86_64.manylinux_2_5_x86_64.whl", hash = "sha256:81bf6a32212f9f66da03d63ecb9cd9bd48e662050a937db7199dbf47d19831de", size = 259568, upload-time = "2025-08-04T00:34:45.519Z" },
    { url = "https://files.pythonhosted.org/packages/60/57/f280dd6f1c556ecc744fbf39e835c33d3ae987d040d64d61c6f821e87829/coverage-7.10.2-cp314-cp314t-manylinux2014_aarch64.manylinux_2_17_aarch64.manylinux_2_28_aarch64.whl", hash = "sha256:d800705f6951f75a905ea6feb03fff8f3ea3468b81e7563373ddc29aa3e5d1ca", size = 261691, upload-time = "2025-08-04T00:34:47.019Z" },
    { url = "https://files.pythonhosted.org/packages/54/2b/c63a0acbd19d99ec32326164c23df3a4e18984fb86e902afdd66ff7b3d83/coverage-7.10.2-cp314-cp314t-musllinux_1_2_aarch64.whl", hash = "sha256:248b5394718e10d067354448dc406d651709c6765669679311170da18e0e9af8", size = 259166, upload-time = "2025-08-04T00:34:48.792Z" },
    { url = "https://files.pythonhosted.org/packages/fd/c5/cd2997dcfcbf0683634da9df52d3967bc1f1741c1475dd0e4722012ba9ef/coverage-7.10.2-cp314-cp314t-musllinux_1_2_i686.whl", hash = "sha256:5c61675a922b569137cf943770d7ad3edd0202d992ce53ac328c5ff68213ccf4", size = 257241, upload-time = "2025-08-04T00:34:51.038Z" },
    { url = "https://files.pythonhosted.org/packages/16/26/c9e30f82fdad8d47aee90af4978b18c88fa74369ae0f0ba0dbf08cee3a80/coverage-7.10.2-cp314-cp314t-musllinux_1_2_x86_64.whl", hash = "sha256:52d708b5fd65589461381fa442d9905f5903d76c086c6a4108e8e9efdca7a7ed", size = 258139, upload-time = "2025-08-04T00:34:52.533Z" },
    { url = "https://files.pythonhosted.org/packages/c9/99/bdb7bd00bebcd3dedfb895fa9af8e46b91422993e4a37ac634a5f1113790/coverage-7.10.2-cp314-cp314t-win32.whl", hash = "sha256:916369b3b914186b2c5e5ad2f7264b02cff5df96cdd7cdad65dccd39aa5fd9f0", size = 218809, upload-time = "2025-08-04T00:34:54.075Z" },
    { url = "https://files.pythonhosted.org/packages/eb/5e/56a7852e38a04d1520dda4dfbfbf74a3d6dec932c20526968f7444763567/coverage-7.10.2-cp314-cp314t-win_amd64.whl", hash = "sha256:5b9d538e8e04916a5df63052d698b30c74eb0174f2ca9cd942c981f274a18eaf", size = 219926, upload-time = "2025-08-04T00:34:55.643Z" },
    { url = "https://files.pythonhosted.org/packages/e0/12/7fbe6b9c52bb9d627e9556f9f2edfdbe88b315e084cdecc9afead0c3b36a/coverage-7.10.2-cp314-cp314t-win_arm64.whl", hash = "sha256:04c74f9ef1f925456a9fd23a7eef1103126186d0500ef9a0acb0bd2514bdc7cc", size = 217925, upload-time = "2025-08-04T00:34:57.564Z" },
    { url = "https://files.pythonhosted.org/packages/18/d8/9b768ac73a8ac2d10c080af23937212434a958c8d2a1c84e89b450237942/coverage-7.10.2-py3-none-any.whl", hash = "sha256:95db3750dd2e6e93d99fa2498f3a1580581e49c494bddccc6f85c5c21604921f", size = 206973, upload-time = "2025-08-04T00:35:15.918Z" },
]

[[package]]
name = "execnet"
version = "2.1.1"
source = { registry = "https://pypi.org/simple" }
sdist = { url = "https://files.pythonhosted.org/packages/bb/ff/b4c0dc78fbe20c3e59c0c7334de0c27eb4001a2b2017999af398bf730817/execnet-2.1.1.tar.gz", hash = "sha256:5189b52c6121c24feae288166ab41b32549c7e2348652736540b9e6e7d4e72e3", size = 166524, upload-time = "2024-04-08T09:04:19.245Z" }
wheels = [
    { url = "https://files.pythonhosted.org/packages/43/09/2aea36ff60d16dd8879bdb2f5b3ee0ba8d08cbbdcdfe870e695ce3784385/execnet-2.1.1-py3-none-any.whl", hash = "sha256:26dee51f1b80cebd6d0ca8e74dd8745419761d3bef34163928cbebbdc4749fdc", size = 40612, upload-time = "2024-04-08T09:04:17.414Z" },
]

[[package]]
name = "gpiozero"
version = "2.0.1"
source = { registry = "https://pypi.org/simple" }
dependencies = [
    { name = "colorzero" },
]
sdist = { url = "https://files.pythonhosted.org/packages/e4/47/334b8db8a981eca9a0fb1e7e48e1997a5eaa8f40bb31c504299dcca0e6ff/gpiozero-2.0.1.tar.gz", hash = "sha256:d4ea1952689ec7e331f9d4ebc9adb15f1d01c2c9dcfabb72e752c9869ab7e97e", size = 136176, upload-time = "2024-02-15T11:07:02.919Z" }
wheels = [
    { url = "https://files.pythonhosted.org/packages/02/eb/6518a1b00488d48995034226846653c382d676cf5f04be62b3c3fae2c6a1/gpiozero-2.0.1-py3-none-any.whl", hash = "sha256:8f621de357171d574c0b7ea0e358cb66e560818a47b0eeedf41ce1cdbd20c70b", size = 150818, upload-time = "2024-02-15T11:07:00.451Z" },
]

[[package]]
name = "hsec"
version = "0.1.0"
source = { editable = "." }
dependencies = [
    { name = "smbus2" },
]

[package.dev-dependencies]
dev = [
    { name = "ruff" },
]
hardware = [
    { name = "gpiozero" },
    { name = "lgpio" },
]
test = [
    { name = "pytest" },
    { name = "pytest-cov" },
    { name = "pytest-mock" },
    { name = "pytest-xdist" },
]

[package.metadata]
requires-dist = [{ name = "smbus2" }]

[package.metadata.requires-dev]
dev = [{ name = "ruff" }]
hardware = [
    { name = "gpiozero", specifier = ">=2.0" },
    { name = "lgpio" },
]
test = [
    { name = "pytest", specifier = ">=8.0" },
    { name = "pytest-cov", specifier = ">=4.0" },
    { name = "pytest-mock", specifier = ">=3.10" },
    { name = "pytest-xdist", specifier = ">=3.0" },
]

[[package]]
name = "iniconfig"
version = "2.1.0"
source = { registry = "https://pypi.org/simple" }
sdist = { url = "https://files.pythonhosted.org/packages/f2/97/ebf4da567aa6827c909642694d71c9fcf53e5b504f2d96afea02718862f3/iniconfig-2.1.0.tar.gz", hash = "sha256:3abbd2e30b36733fee78f9c7f7308f2d0050e88f0087fd25c2645f63c773e1c7", size = 4793, upload-time = "2025-03-19T20:09:59.721Z" }
wheels = [
    { url = "https://files.pythonhosted.org/packages/2c/e1/e6716421ea10d38022b952c159d5161ca1193197fb744506875fbb87ea7b/iniconfig-2.1.0-py3-none-any.whl", hash = "sha256:9deba5723312380e77435581c6bf4935c94cbfab9b1ed33ef8d238ea168eb760", size = 6050, upload-time = "2025-03-19T20:10:01.071Z" },
]

[[package]]
name = "lgpio"
version = "0.2.2.0"
source = { registry = "https://pypi.org/simple" }
sdist = { url = "https://files.pythonhosted.org/packages/56/33/26ec2e8049eaa2f077bf23a12dc61ca559fbfa7bea0516bf263d657ae275/lgpio-0.2.2.0.tar.gz", hash = "sha256:11372e653b200f76a0b3ef8a23a0735c85ec678a9f8550b9893151ed0f863fff", size = 90087, upload-time = "2024-03-29T21:59:55.901Z" }
wheels = [
    { url = "https://files.pythonhosted.org/packages/fe/73/e56c9afb845df53492d42bdea01df9895272bccfdd5128f34719c3a07990/lgpio-0.2.2.0-cp312-cp312-linux_armv7l.whl", hash = "sha256:6c65ac42e878764d04a71ed12fe6d46089b36e9e8127722bf29bb2e4bc91de22", size = 383956, upload-time = "2024-03-29T22:00:47.315Z" },
    { url = "https://files.pythonhosted.org/packages/3b/1c/becd00f66d2c65feed9a668ff9d91732394cb6baba7bec505d55de0e30c9/lgpio-0.2.2.0-cp312-cp312-manylinux_2_34_aarch64.whl", hash = "sha256:d907db79292c721c605af08187385ddb3b7af09907e1ffca56cf0cd6558ace0a", size = 366058, upload-time = "2024-04-01T22:49:47.615Z" },
    { url = "https://files.pythonhosted.org/packages/4c/7a/e3b4e5225c9792c4092b2cc07504746acbe62d0a8e4cb023bdf65f6430cf/lgpio-0.2.2.0-cp312-cp312-manylinux_2_34_x86_64.whl", hash = "sha256:2aadff092f642fcdada8457c158f87259dfda3a89ec19bae0b99ff22b34aac4b", size = 372103, upload-time = "2024-04-13T14:08:16.351Z" },
]

[[package]]
name = "packaging"
version = "25.0"
source = { registry = "https://pypi.org/simple" }
sdist = { url = "https://files.pythonhosted.org/packages/a1/d4/1fc4078c65507b51b96ca8f8c3ba19e6a61c8253c72794544580a7b6c24d/packaging-25.0.tar.gz", hash = "sha256:d443872c98d677bf60f6a1f2f8c1cb748e8fe762d2bf9d3148b5599295b0fc4f", size = 165727, upload-time = "2025-04-19T11:48:59.673Z" }
wheels = [
    { url = "https://files.pythonhosted.org/packages/20/12/38679034af332785aac8774540895e234f4d07f7545804097de4b666afd8/packaging-25.0-py3-none-any.whl", hash = "sha256:29572ef2b1f17581046b3a2227d5c611fb25ec70ca1ba8554b24b0e69331a484", size = 66469, upload-time = "2025-04-19T11:48:57.875Z" },
]

[[package]]
name = "pluggy"
version = "1.6.0"
source = { registry = "https://pypi.org/simple" }
sdist = { url = "https://files.pythonhosted.org/packages/f9/e2/3e91f31a7d2b083fe6ef3fa267035b518369d9511ffab804f839851d2779/pluggy-1.6.0.tar.gz", hash = "sha256:7dcc130b76258d33b90f61b658791dede3486c3e6bfb003ee5c9bfb396dd22f3", size = 69412, upload-time = "2025-05-15T12:30:07.975Z" }
wheels = [
    { url = "https://files.pythonhosted.org/packages/54/20/4d324d65cc6d9205fabedc306948156824eb9f0ee1633355a8f7ec5c66bf/pluggy-1.6.0-py3-none-any.whl", hash = "sha256:e920276dd6813095e9377c0bc5566d94c932c33b27a3e3945d8389c374dd4746", size = 20538, upload-time = "2025-05-15T12:30:06.134Z" },
]

[[package]]
name = "pygments"
version = "2.19.2"
source = { registry = "https://pypi.org/simple" }
sdist = { url = "https://files.pythonhosted.org/packages/b0/77/a5b8c569bf593b0140bde72ea885a803b82086995367bf2037de0159d924/pygments-2.19.2.tar.gz", hash = "sha256:636cb2477cec7f8952536970bc533bc43743542f70392ae026374600add5b887", size = 4968631, upload-time = "2025-06-21T13:39:12.283Z" }
wheels = [
    { url = "https://files.pythonhosted.org/packages/c7/21/705964c7812476f378728bdf590ca4b771ec72385c533964653c68e86bdc/pygments-2.19.2-py3-none-any.whl", hash = "sha256:86540386c03d588bb81d44bc3928634ff26449851e99741617ecb9037ee5ec0b", size = 1225217, upload-time = "2025-06-21T13:39:07.939Z" },
]

[[package]]
name = "pytest"
version = "8.4.1"
source = { registry = "https://pypi.org/simple" }
dependencies = [
    { name = "colorama", marker = "sys_platform == 'win32'" },
    { name = "iniconfig" },
    { name = "packaging" },
    { name = "pluggy" },
    { name = "pygments" },
]
sdist = { url = "https://files.pythonhosted.org/packages/08/ba/45911d754e8eba3d5a841a5ce61a65a685ff1798421ac054f85aa8747dfb/pytest-8.4.1.tar.gz", hash = "sha256:7c67fd69174877359ed9371ec3af8a3d2b04741818c51e5e99cc1742251fa93c", size = 1517714, upload-time = "2025-06-18T05:48:06.109Z" }
wheels = [
    { url = "https://files.pythonhosted.org/packages/29/16/c8a903f4c4dffe7a12843191437d7cd8e32751d5de349d45d3fe69544e87/pytest-8.4.1-py3-none-any.whl", hash = "sha256:539c70ba6fcead8e78eebbf1115e8b589e7565830d7d006a8723f19ac8a0afb7", size = 365474, upload-time = "2025-06-18T05:48:03.955Z" },
]

[[package]]
name = "pytest-cov"
version = "6.2.1"
source = { registry = "https://pypi.org/simple" }
dependencies = [
    { name = "coverage" },
    { name = "pluggy" },
    { name = "pytest" },
]
sdist = { url = "https://files.pythonhosted.org/packages/18/99/668cade231f434aaa59bbfbf49469068d2ddd945000621d3d165d2e7dd7b/pytest_cov-6.2.1.tar.gz", hash = "sha256:25cc6cc0a5358204b8108ecedc51a9b57b34cc6b8c967cc2c01a4e00d8a67da2", size = 69432, upload-time = "2025-06-12T10:47:47.684Z" }
wheels = [
    { url = "https://files.pythonhosted.org/packages/bc/16/4ea354101abb1287856baa4af2732be351c7bee728065aed451b678153fd/pytest_cov-6.2.1-py3-none-any.whl", hash = "sha256:f5bc4c23f42f1cdd23c70b1dab1bbaef4fc505ba950d53e0081d0730dd7e86d5", size = 24644, upload-time = "2025-06-12T10:47:45.932Z" },
]

[[package]]
name = "pytest-mock"
version = "3.14.1"
source = { registry = "https://pypi.org/simple" }
dependencies = [
    { name = "pytest" },
]
sdist = { url = "https://files.pythonhosted.org/packages/71/28/67172c96ba684058a4d24ffe144d64783d2a270d0af0d9e792737bddc75c/pytest_mock-3.14.1.tar.gz", hash = "sha256:159e9edac4c451ce77a5cdb9fc5d1100708d2dd4ba3c3df572f14097351af80e", size = 33241, upload-time = "2025-05-26T13:58:45.167Z" }
wheels = [
    { url = "https://files.pythonhosted.org/packages/b2/05/77b60e520511c53d1c1ca75f1930c7dd8e971d0c4379b7f4b3f9644685ba/pytest_mock-3.14.1-py3-none-any.whl", hash = "sha256:178aefcd11307d874b4cd3100344e7e2d888d9791a6a1d9bfe90fbc1b74fd1d0", size = 9923, upload-time = "2025-05-26T13:58:43.487Z" },
]

[[package]]
name = "pytest-xdist"
version = "3.8.0"
source = { registry = "https://pypi.org/simple" }
dependencies = [
    { name = "execnet" },
    { name = "pytest" },
]
sdist = { url = "https://files.pythonhosted.org/packages/78/b4/439b179d1ff526791eb921115fca8e44e596a13efeda518b9d845a619450/pytest_xdist-3.8.0.tar.gz", hash = "sha256:7e578125ec9bc6050861aa93f2d59f1d8d085595d6551c2c90b6f4fad8d3a9f1", size = 88069, upload-time = "2025-07-01T13:30:59.346Z" }
wheels = [
    { url = "https://files.pythonhosted.org/packages/ca/31/d4e37e9e550c2b92a9cbc2e4d0b7420a27224968580b5a447f420847c975/pytest_xdist-3.8.0-py3-none-any.whl", hash = "sha256:202ca578cfeb7370784a8c33d6d05bc6e13b4f25b5053c30a152269fd10f0b88", size = 46396, upload-time = "2025-07-01T13:30:56.632Z" },
]

[[package]]
name = "ruff"
version = "0.12.9"
source = { registry = "https://pypi.org/simple" }
sdist = { url = "https://files.pythonhosted.org/packages/4a/45/2e403fa7007816b5fbb324cb4f8ed3c7402a927a0a0cb2b6279879a8bfdc/ruff-0.12.9.tar.gz", hash = "sha256:fbd94b2e3c623f659962934e52c2bea6fc6da11f667a427a368adaf3af2c866a", size = 5254702, upload-time = "2025-08-14T16:08:55.2Z" }
wheels = [
    { url = "https://files.pythonhosted.org/packages/ad/20/53bf098537adb7b6a97d98fcdebf6e916fcd11b2e21d15f8c171507909cc/ruff-0.12.9-py3-none-linux_armv6l.whl", hash = "sha256:fcebc6c79fcae3f220d05585229463621f5dbf24d79fdc4936d9302e177cfa3e", size = 11759705, upload-time = "2025-08-14T16:08:12.968Z" },
    { url = "https://files.pythonhosted.org/packages/20/4d/c764ee423002aac1ec66b9d541285dd29d2c0640a8086c87de59ebbe80d5/ruff-0.12.9-py3-none-macosx_10_12_x86_64.whl", hash = "sha256:aed9d15f8c5755c0e74467731a007fcad41f19bcce41cd75f768bbd687f8535f", size = 12527042, upload-time = "2025-08-14T16:08:16.54Z" },
    { url = "https://files.pythonhosted.org/packages/8b/45/cfcdf6d3eb5fc78a5b419e7e616d6ccba0013dc5b180522920af2897e1be/ruff-0.12.9-py3-none-macosx_11_0_arm64.whl", hash = "sha256:5b15ea354c6ff0d7423814ba6d44be2807644d0c05e9ed60caca87e963e93f70", size = 11724457, upload-time = "2025-08-14T16:08:18.686Z" },
    { url = "https://files.pythonhosted.org/packages/72/e6/44615c754b55662200c48bebb02196dbb14111b6e266ab071b7e7297b4ec/ruff-0.12.9-py3-none-manylinux_2_17_aarch64.manylinux2014_aarch64.whl", hash = "sha256:d596c2d0393c2502eaabfef723bd74ca35348a8dac4267d18a94910087807c53", size = 11949446, upload-time = "2025-08-14T16:08:21.059Z" },
    { url = "https://files.pythonhosted.org/packages/fd/d1/9b7d46625d617c7df520d40d5ac6cdcdf20cbccb88fad4b5ecd476a6bb8d/ruff-0.12.9-py3-none-manylinux_2_17_armv7l.manylinux2014_armv7l.whl", hash = "sha256:1b15599931a1a7a03c388b9c5df1bfa62be7ede6eb7ef753b272381f39c3d0ff", size = 11566350, upload-time = "2025-08-14T16:08:23.433Z" },
    { url = "https://files.pythonhosted.org/packages/59/20/b73132f66f2856bc29d2d263c6ca457f8476b0bbbe064dac3ac3337a270f/ruff-0.12.9-py3-none-manylinux_2_17_i686.manylinux2014_i686.whl", hash = "sha256:3d02faa2977fb6f3f32ddb7828e212b7dd499c59eb896ae6c03ea5c303575756", size = 13270430, upload-time = "2025-08-14T16:08:25.837Z" },
    { url = "https://files.pythonhosted.org/packages/a2/21/eaf3806f0a3d4c6be0a69d435646fba775b65f3f2097d54898b0fd4bb12e/ruff-0.12.9-py3-none-manylinux_2_17_ppc64.manylinux2014_ppc64.whl", hash = "sha256:17d5b6b0b3a25259b69ebcba87908496e6830e03acfb929ef9fd4c58675fa2ea", size = 14264717, upload-time = "2025-08-14T16:08:27.907Z" },
    { url = "https://files.pythonhosted.org/packages/d2/82/1d0c53bd37dcb582b2c521d352fbf4876b1e28bc0d8894344198f6c9950d/ruff-0.12.9-py3-none-manylinux_2_17_ppc64le.manylinux2014_ppc64le.whl", hash = "sha256:72db7521860e246adbb43f6ef464dd2a532ef2ef1f5dd0d470455b8d9f1773e0", size = 13684331, upload-time = "2025-08-14T16:08:30.352Z" },
    { url = "https://files.pythonhosted.org/packages/3b/2f/1c5cf6d8f656306d42a686f1e207f71d7cebdcbe7b2aa18e4e8a0cb74da3/ruff-0.12.9-py3-none-manylinux_2_17_s390x.manylinux2014_s390x.whl", hash = "sha256:a03242c1522b4e0885af63320ad754d53983c9599157ee33e77d748363c561ce", size = 12739151, upload-time = "2025-08-14T16:08:32.55Z" },
    { url = "https://files.pythonhosted.org/packages/47/09/25033198bff89b24d734e6479e39b1968e4c992e82262d61cdccaf11afb9/ruff-0.12.9-py3-none-manylinux_2_17_x86_64.manylinux2014_x86_64.whl", hash = "sha256:9fc83e4e9751e6c13b5046d7162f205d0a7bac5840183c5beebf824b08a27340", size = 12954992, upload-time = "2025-08-14T16:08:34.816Z" },
    { url = "https://files.pythonhosted.org/packages/52/8e/d0dbf2f9dca66c2d7131feefc386523404014968cd6d22f057763935ab32/ruff-0.12.9-py3-none-manylinux_2_31_riscv64.whl", hash = "sha256:881465ed56ba4dd26a691954650de6ad389a2d1fdb130fe51ff18a25639fe4bb", size = 12899569, upload-time = "2025-08-14T16:08:36.852Z" },
    { url = "https://files.pythonhosted.org/packages/a0/bd/b614d7c08515b1428ed4d3f1d4e3d687deffb2479703b90237682586fa66/ruff-0.12.9-py3-none-musllinux_1_2_aarch64.whl", hash = "sha256:43f07a3ccfc62cdb4d3a3348bf0588358a66da756aa113e071b8ca8c3b9826af", size = 11751983, upload-time = "2025-08-14T16:08:39.314Z" },
    { url = "https://files.pythonhosted.org/packages/58/d6/383e9f818a2441b1a0ed898d7875f11273f10882f997388b2b51cb2ae8b5/ruff-0.12.9-py3-none-musllinux_1_2_armv7l.whl", hash = "sha256:07adb221c54b6bba24387911e5734357f042e5669fa5718920ee728aba3cbadc", size = 11538635, upload-time = "2025-08-14T16:08:41.297Z" },
    { url = "https://files.pythonhosted.org/packages/20/9c/56f869d314edaa9fc1f491706d1d8a47747b9d714130368fbd69ce9024e9/ruff-0.12.9-py3-none-musllinux_1_2_i686.whl", hash = "sha256:f5cd34fabfdea3933ab85d72359f118035882a01bff15bd1d2b15261d85d5f66", size = 12534346, upload-time = "2025-08-14T16:08:43.39Z" },
    { url = "https://files.pythonhosted.org/packages/bd/4b/d8b95c6795a6c93b439bc913ee7a94fda42bb30a79285d47b80074003ee7/ruff-0.12.9-py3-none-musllinux_1_2_x86_64.whl", hash = "sha256:f6be1d2ca0686c54564da8e7ee9e25f93bdd6868263805f8c0b8fc6a449db6d7", size = 13017021, upload-time = "2025-08-14T16:08:45.889Z" },
    { url = "https://files.pythonhosted.org/packages/c7/c1/5f9a839a697ce1acd7af44836f7c2181cdae5accd17a5cb85fcbd694075e/ruff-0.12.9-py3-none-win32.whl", hash = "sha256:cc7a37bd2509974379d0115cc5608a1a4a6c4bff1b452ea69db83c8855d53f93", size = 11734785, upload-time = "2025-08-14T16:08:48.062Z" },
    { url = "https://files.pythonhosted.org/packages/fa/66/cdddc2d1d9a9f677520b7cfc490d234336f523d4b429c1298de359a3be08/ruff-0.12.9-py3-none-win_amd64.whl", hash = "sha256:6fb15b1977309741d7d098c8a3cb7a30bc112760a00fb6efb7abc85f00ba5908", size = 12840654, upload-time = "2025-08-14T16:08:50.158Z" },
    { url = "https://files.pythonhosted.org/packages/ac/fd/669816bc6b5b93b9586f3c1d87cd6bc05028470b3ecfebb5938252c47a35/ruff-0.12.9-py3-none-win_arm64.whl", hash = "sha256:63c8c819739d86b96d500cce885956a1a48ab056bbcbc61b747ad494b2485089", size = 11949623, upload-time = "2025-08-14T16:08:52.233Z" },
]

[[package]]
name = "setuptools"
version = "80.9.0"
source = { registry = "https://pypi.org/simple" }
sdist = { url = "https://files.pythonhosted.org/packages/18/5d/3bf57dcd21979b887f014ea83c24ae194cfcd12b9e0fda66b957c69d1fca/setuptools-80.9.0.tar.gz", hash = "sha256:f36b47402ecde768dbfafc46e8e4207b4360c654f1f3bb84475f0a28628fb19c", size = 1319958, upload-time = "2025-05-27T00:56:51.443Z" }
wheels = [
    { url = "https://files.pythonhosted.org/packages/a3/dc/17031897dae0efacfea57dfd3a82fdd2a2aeb58e0ff71b77b87e44edc772/setuptools-80.9.0-py3-none-any.whl", hash = "sha256:062d34222ad13e0cc312a4c02d73f059e86a4acbfbdea8f8f76b28c99f306922", size = 1201486, upload-time = "2025-05-27T00:56:49.664Z" },
]

[[package]]
name = "smbus2"
version = "0.5.0"
source = { registry = "https://pypi.org/simple" }
sdist = { url = "https://files.pythonhosted.org/packages/10/c9/6d85aa809e107adf85303010a59b340be109c8f815cbedc5c08c73bcffef/smbus2-0.5.0.tar.gz", hash = "sha256:4a5946fd82277870c2878befdb1a29bb28d15cda14ea4d8d2d54cf3d4bdcb035", size = 16950, upload-time = "2024-10-19T09:20:56.746Z" }
wheels = [
    { url = "https://files.pythonhosted.org/packages/85/9f/2235ba9001e3c29fc342eeb222104420bcb7bac51555f0c034376a744075/smbus2-0.5.0-py2.py3-none-any.whl", hash = "sha256:1a15c3b9fa69357beb038cc0b5d37939702f8bfde1ddc89ca9f17d8461dbe949", size = 11527, upload-time = "2024-10-19T09:20:55.202Z" },
]
